<Solution>
  <Configurations>
    <Platform Name="Any CPU" />
    <Platform Name="x64" />
    <Platform Name="x86" />
  </Configurations>
  <Folder Name="/src/">
    <Project Path="src/VibeGuard.Content/VibeGuard.Content.csproj" />
    <Project Path="src/VibeGuard.Mcp/VibeGuard.Mcp.csproj" />
  </Folder>
  <Folder Name="/tests/">
    <Project Path="tests/VibeGuard.Content.Tests/VibeGuard.Content.Tests.csproj" />
  </Folder>
</Solution>
